{
  "version": "4",
  "specifiers": {
    "npm:vite@*": "6.1.0"
  },
  "npm": {
    "@esbuild/aix-ppc64@0.24.2": {
      "integrity": "sha512-thpVCb/rhxE/BnMLQ7GReQLLN8q9qbHmI55F4489/ByVg2aQaQ6kbcLb6FHkocZzQhxc4gx0sCk0tJkKBFzDhA=="
    },
    "@esbuild/android-arm64@0.24.2": {
      "integrity": "sha512-cNLgeqCqV8WxfcTIOeL4OAtSmL8JjcN6m09XIgro1Wi7cF4t/THaWEa7eL5CMoMBdjoHOTh/vwTO/o2TRXIyzg=="
    },
    "@esbuild/android-arm@0.24.2": {
      "integrity": "sha512-tmwl4hJkCfNHwFB3nBa8z1Uy3ypZpxqxfTQOcHX+xRByyYgunVbZ9MzUUfb0RxaHIMnbHagwAxuTL+tnNM+1/Q=="
    },
    "@esbuild/android-x64@0.24.2": {
      "integrity": "sha512-B6Q0YQDqMx9D7rvIcsXfmJfvUYLoP722bgfBlO5cGvNVb5V/+Y7nhBE3mHV9OpxBf4eAS2S68KZztiPaWq4XYw=="
    },
    "@esbuild/darwin-arm64@0.24.2": {
      "integrity": "sha512-kj3AnYWc+CekmZnS5IPu9D+HWtUI49hbnyqk0FLEJDbzCIQt7hg7ucF1SQAilhtYpIujfaHr6O0UHlzzSPdOeA=="
    },
    "@esbuild/darwin-x64@0.24.2": {
      "integrity": "sha512-WeSrmwwHaPkNR5H3yYfowhZcbriGqooyu3zI/3GGpF8AyUdsrrP0X6KumITGA9WOyiJavnGZUwPGvxvwfWPHIA=="
    },
    "@esbuild/freebsd-arm64@0.24.2": {
      "integrity": "sha512-UN8HXjtJ0k/Mj6a9+5u6+2eZ2ERD7Edt1Q9IZiB5UZAIdPnVKDoG7mdTVGhHJIeEml60JteamR3qhsr1r8gXvg=="
    },
    "@esbuild/freebsd-x64@0.24.2": {
      "integrity": "sha512-TvW7wE/89PYW+IevEJXZ5sF6gJRDY/14hyIGFXdIucxCsbRmLUcjseQu1SyTko+2idmCw94TgyaEZi9HUSOe3Q=="
    },
    "@esbuild/linux-arm64@0.24.2": {
      "integrity": "sha512-7HnAD6074BW43YvvUmE/35Id9/NB7BeX5EoNkK9obndmZBUk8xmJJeU7DwmUeN7tkysslb2eSl6CTrYz6oEMQg=="
    },
    "@esbuild/linux-arm@0.24.2": {
      "integrity": "sha512-n0WRM/gWIdU29J57hJyUdIsk0WarGd6To0s+Y+LwvlC55wt+GT/OgkwoXCXvIue1i1sSNWblHEig00GBWiJgfA=="
    },
    "@esbuild/linux-ia32@0.24.2": {
      "integrity": "sha512-sfv0tGPQhcZOgTKO3oBE9xpHuUqguHvSo4jl+wjnKwFpapx+vUDcawbwPNuBIAYdRAvIDBfZVvXprIj3HA+Ugw=="
    },
    "@esbuild/linux-loong64@0.24.2": {
      "integrity": "sha512-CN9AZr8kEndGooS35ntToZLTQLHEjtVB5n7dl8ZcTZMonJ7CCfStrYhrzF97eAecqVbVJ7APOEe18RPI4KLhwQ=="
    },
    "@esbuild/linux-mips64el@0.24.2": {
      "integrity": "sha512-iMkk7qr/wl3exJATwkISxI7kTcmHKE+BlymIAbHO8xanq/TjHaaVThFF6ipWzPHryoFsesNQJPE/3wFJw4+huw=="
    },
    "@esbuild/linux-ppc64@0.24.2": {
      "integrity": "sha512-shsVrgCZ57Vr2L8mm39kO5PPIb+843FStGt7sGGoqiiWYconSxwTiuswC1VJZLCjNiMLAMh34jg4VSEQb+iEbw=="
    },
    "@esbuild/linux-riscv64@0.24.2": {
      "integrity": "sha512-4eSFWnU9Hhd68fW16GD0TINewo1L6dRrB+oLNNbYyMUAeOD2yCK5KXGK1GH4qD/kT+bTEXjsyTCiJGHPZ3eM9Q=="
    },
    "@esbuild/linux-s390x@0.24.2": {
      "integrity": "sha512-S0Bh0A53b0YHL2XEXC20bHLuGMOhFDO6GN4b3YjRLK//Ep3ql3erpNcPlEFed93hsQAjAQDNsvcK+hV90FubSw=="
    },
    "@esbuild/linux-x64@0.24.2": {
      "integrity": "sha512-8Qi4nQcCTbLnK9WoMjdC9NiTG6/E38RNICU6sUNqK0QFxCYgoARqVqxdFmWkdonVsvGqWhmm7MO0jyTqLqwj0Q=="
    },
    "@esbuild/netbsd-arm64@0.24.2": {
      "integrity": "sha512-wuLK/VztRRpMt9zyHSazyCVdCXlpHkKm34WUyinD2lzK07FAHTq0KQvZZlXikNWkDGoT6x3TD51jKQ7gMVpopw=="
    },
    "@esbuild/netbsd-x64@0.24.2": {
      "integrity": "sha512-VefFaQUc4FMmJuAxmIHgUmfNiLXY438XrL4GDNV1Y1H/RW3qow68xTwjZKfj/+Plp9NANmzbH5R40Meudu8mmw=="
    },
    "@esbuild/openbsd-arm64@0.24.2": {
      "integrity": "sha512-YQbi46SBct6iKnszhSvdluqDmxCJA+Pu280Av9WICNwQmMxV7nLRHZfjQzwbPs3jeWnuAhE9Jy0NrnJ12Oz+0A=="
    },
    "@esbuild/openbsd-x64@0.24.2": {
      "integrity": "sha512-+iDS6zpNM6EnJyWv0bMGLWSWeXGN/HTaF/LXHXHwejGsVi+ooqDfMCCTerNFxEkM3wYVcExkeGXNqshc9iMaOA=="
    },
    "@esbuild/sunos-x64@0.24.2": {
      "integrity": "sha512-hTdsW27jcktEvpwNHJU4ZwWFGkz2zRJUz8pvddmXPtXDzVKTTINmlmga3ZzwcuMpUvLw7JkLy9QLKyGpD2Yxig=="
    },
    "@esbuild/win32-arm64@0.24.2": {
      "integrity": "sha512-LihEQ2BBKVFLOC9ZItT9iFprsE9tqjDjnbulhHoFxYQtQfai7qfluVODIYxt1PgdoyQkz23+01rzwNwYfutxUQ=="
    },
    "@esbuild/win32-ia32@0.24.2": {
      "integrity": "sha512-q+iGUwfs8tncmFC9pcnD5IvRHAzmbwQ3GPS5/ceCyHdjXubwQWI12MKWSNSMYLJMq23/IUCvJMS76PDqXe1fxA=="
    },
    "@esbuild/win32-x64@0.24.2": {
      "integrity": "sha512-7VTgWzgMGvup6aSqDPLiW5zHaxYJGTO4OokMjIlrCtf+VpEL+cXKtCvg723iguPYI5oaUNdS+/V7OU2gvXVWEg=="
    },
    "@rollup/rollup-android-arm-eabi@4.34.6": {
      "integrity": "sha512-+GcCXtOQoWuC7hhX1P00LqjjIiS/iOouHXhMdiDSnq/1DGTox4SpUvO52Xm+div6+106r+TcvOeo/cxvyEyTgg=="
    },
    "@rollup/rollup-android-arm64@4.34.6": {
      "integrity": "sha512-E8+2qCIjciYUnCa1AiVF1BkRgqIGW9KzJeesQqVfyRITGQN+dFuoivO0hnro1DjT74wXLRZ7QF8MIbz+luGaJA=="
    },
    "@rollup/rollup-darwin-arm64@4.34.6": {
      "integrity": "sha512-z9Ib+OzqN3DZEjX7PDQMHEhtF+t6Mi2z/ueChQPLS/qUMKY7Ybn5A2ggFoKRNRh1q1T03YTQfBTQCJZiepESAg=="
    },
    "@rollup/rollup-darwin-x64@4.34.6": {
      "integrity": "sha512-PShKVY4u0FDAR7jskyFIYVyHEPCPnIQY8s5OcXkdU8mz3Y7eXDJPdyM/ZWjkYdR2m0izD9HHWA8sGcXn+Qrsyg=="
    },
    "@rollup/rollup-freebsd-arm64@4.34.6": {
      "integrity": "sha512-YSwyOqlDAdKqs0iKuqvRHLN4SrD2TiswfoLfvYXseKbL47ht1grQpq46MSiQAx6rQEN8o8URtpXARCpqabqxGQ=="
    },
    "@rollup/rollup-freebsd-x64@4.34.6": {
      "integrity": "sha512-HEP4CgPAY1RxXwwL5sPFv6BBM3tVeLnshF03HMhJYCNc6kvSqBgTMmsEjb72RkZBAWIqiPUyF1JpEBv5XT9wKQ=="
    },
    "@rollup/rollup-linux-arm-gnueabihf@4.34.6": {
      "integrity": "sha512-88fSzjC5xeH9S2Vg3rPgXJULkHcLYMkh8faix8DX4h4TIAL65ekwuQMA/g2CXq8W+NJC43V6fUpYZNjaX3+IIg=="
    },
    "@rollup/rollup-linux-arm-musleabihf@4.34.6": {
      "integrity": "sha512-wM4ztnutBqYFyvNeR7Av+reWI/enK9tDOTKNF+6Kk2Q96k9bwhDDOlnCUNRPvromlVXo04riSliMBs/Z7RteEg=="
    },
    "@rollup/rollup-linux-arm64-gnu@4.34.6": {
      "integrity": "sha512-9RyprECbRa9zEjXLtvvshhw4CMrRa3K+0wcp3KME0zmBe1ILmvcVHnypZ/aIDXpRyfhSYSuN4EPdCCj5Du8FIA=="
    },
    "@rollup/rollup-linux-arm64-musl@4.34.6": {
      "integrity": "sha512-qTmklhCTyaJSB05S+iSovfo++EwnIEZxHkzv5dep4qoszUMX5Ca4WM4zAVUMbfdviLgCSQOu5oU8YoGk1s6M9Q=="
    },
    "@rollup/rollup-linux-loongarch64-gnu@4.34.6": {
      "integrity": "sha512-4Qmkaps9yqmpjY5pvpkfOerYgKNUGzQpFxV6rnS7c/JfYbDSU0y6WpbbredB5cCpLFGJEqYX40WUmxMkwhWCjw=="
    },
    "@rollup/rollup-linux-powerpc64le-gnu@4.34.6": {
      "integrity": "sha512-Zsrtux3PuaxuBTX/zHdLaFmcofWGzaWW1scwLU3ZbW/X+hSsFbz9wDIp6XvnT7pzYRl9MezWqEqKy7ssmDEnuQ=="
    },
    "@rollup/rollup-linux-riscv64-gnu@4.34.6": {
      "integrity": "sha512-aK+Zp+CRM55iPrlyKiU3/zyhgzWBxLVrw2mwiQSYJRobCURb781+XstzvA8Gkjg/hbdQFuDw44aUOxVQFycrAg=="
    },
    "@rollup/rollup-linux-s390x-gnu@4.34.6": {
      "integrity": "sha512-WoKLVrY9ogmaYPXwTH326+ErlCIgMmsoRSx6bO+l68YgJnlOXhygDYSZe/qbUJCSiCiZAQ+tKm88NcWuUXqOzw=="
    },
    "@rollup/rollup-linux-x64-gnu@4.34.6": {
      "integrity": "sha512-Sht4aFvmA4ToHd2vFzwMFaQCiYm2lDFho5rPcvPBT5pCdC+GwHG6CMch4GQfmWTQ1SwRKS0dhDYb54khSrjDWw=="
    },
    "@rollup/rollup-linux-x64-musl@4.34.6": {
      "integrity": "sha512-zmmpOQh8vXc2QITsnCiODCDGXFC8LMi64+/oPpPx5qz3pqv0s6x46ps4xoycfUiVZps5PFn1gksZzo4RGTKT+A=="
    },
    "@rollup/rollup-win32-arm64-msvc@4.34.6": {
      "integrity": "sha512-3/q1qUsO/tLqGBaD4uXsB6coVGB3usxw3qyeVb59aArCgedSF66MPdgRStUd7vbZOsko/CgVaY5fo2vkvPLWiA=="
    },
    "@rollup/rollup-win32-ia32-msvc@4.34.6": {
      "integrity": "sha512-oLHxuyywc6efdKVTxvc0135zPrRdtYVjtVD5GUm55I3ODxhU/PwkQFD97z16Xzxa1Fz0AEe4W/2hzRtd+IfpOA=="
    },
    "@rollup/rollup-win32-x64-msvc@4.34.6": {
      "integrity": "sha512-0PVwmgzZ8+TZ9oGBmdZoQVXflbvuwzN/HRclujpl4N/q3i+y0lqLw8n1bXA8ru3sApDjlmONaNAuYr38y1Kr9w=="
    },
    "@types/estree@1.0.6": {
      "integrity": "sha512-AYnb1nQyY49te+VRAVgmzfcgjYS91mY5P0TKUDCLEM+gNnA+3T6rWITXRLYCpahpqSQbN5cE+gHpnPyXjHWxcw=="
    },
    "esbuild@0.24.2": {
      "integrity": "sha512-+9egpBW8I3CD5XPe0n6BfT5fxLzxrlDzqydF3aviG+9ni1lDC/OvMHcxqEFV0+LANZG5R1bFMWfUrjVsdwxJvA==",
      "dependencies": [
        "@esbuild/aix-ppc64",
        "@esbuild/android-arm",
        "@esbuild/android-arm64",
        "@esbuild/android-x64",
        "@esbuild/darwin-arm64",
        "@esbuild/darwin-x64",
        "@esbuild/freebsd-arm64",
        "@esbuild/freebsd-x64",
        "@esbuild/linux-arm",
        "@esbuild/linux-arm64",
        "@esbuild/linux-ia32",
        "@esbuild/linux-loong64",
        "@esbuild/linux-mips64el",
        "@esbuild/linux-ppc64",
        "@esbuild/linux-riscv64",
        "@esbuild/linux-s390x",
        "@esbuild/linux-x64",
        "@esbuild/netbsd-arm64",
        "@esbuild/netbsd-x64",
        "@esbuild/openbsd-arm64",
        "@esbuild/openbsd-x64",
        "@esbuild/sunos-x64",
        "@esbuild/win32-arm64",
        "@esbuild/win32-ia32",
        "@esbuild/win32-x64"
      ]
    },
    "fsevents@2.3.3": {
      "integrity": "sha512-5xoDfX+fL7faATnagmWPpbFtwh/R77WmMMqqHGS65C3vvB0YHrgF+B1YmZ3441tMj5n63k0212XNoJwzlhffQw=="
    },
    "nanoid@3.3.8": {
      "integrity": "sha512-WNLf5Sd8oZxOm+TzppcYk8gVOgP+l58xNy58D0nbUnOxOWRWvlcCV4kUF7ltmI6PsrLl/BgKEyS4mqsGChFN0w=="
    },
    "picocolors@1.1.1": {
      "integrity": "sha512-xceH2snhtb5M9liqDsmEw56le376mTZkEX/jEb/RxNFyegNul7eNslCXP9FDj/Lcu0X8KEyMceP2ntpaHrDEVA=="
    },
    "postcss@8.5.1": {
      "integrity": "sha512-6oz2beyjc5VMn/KV1pPw8fliQkhBXrVn1Z3TVyqZxU8kZpzEKhBdmCFqI6ZbmGtamQvQGuU1sgPTk8ZrXDD7jQ==",
      "dependencies": [
        "nanoid",
        "picocolors",
        "source-map-js"
      ]
    },
    "rollup@4.34.6": {
      "integrity": "sha512-wc2cBWqJgkU3Iz5oztRkQbfVkbxoz5EhnCGOrnJvnLnQ7O0WhQUYyv18qQI79O8L7DdHrrlJNeCHd4VGpnaXKQ==",
      "dependencies": [
        "@rollup/rollup-android-arm-eabi",
        "@rollup/rollup-android-arm64",
        "@rollup/rollup-darwin-arm64",
        "@rollup/rollup-darwin-x64",
        "@rollup/rollup-freebsd-arm64",
        "@rollup/rollup-freebsd-x64",
        "@rollup/rollup-linux-arm-gnueabihf",
        "@rollup/rollup-linux-arm-musleabihf",
        "@rollup/rollup-linux-arm64-gnu",
        "@rollup/rollup-linux-arm64-musl",
        "@rollup/rollup-linux-loongarch64-gnu",
        "@rollup/rollup-linux-powerpc64le-gnu",
        "@rollup/rollup-linux-riscv64-gnu",
        "@rollup/rollup-linux-s390x-gnu",
        "@rollup/rollup-linux-x64-gnu",
        "@rollup/rollup-linux-x64-musl",
        "@rollup/rollup-win32-arm64-msvc",
        "@rollup/rollup-win32-ia32-msvc",
        "@rollup/rollup-win32-x64-msvc",
        "@types/estree",
        "fsevents"
      ]
    },
    "source-map-js@1.2.1": {
      "integrity": "sha512-UXWMKhLOwVKb728IUtQPXxfYU+usdybtUrK/8uGE8CQMvrhOpwvzDBwj0QhSL7MQc7vIsISBG8VQ8+IDQxpfQA=="
    },
    "vite@6.1.0": {
      "integrity": "sha512-RjjMipCKVoR4hVfPY6GQTgveinjNuyLw+qruksLDvA5ktI1150VmcMBKmQaEWJhg/j6Uaf6dNCNA0AfdzUb/hQ==",
      "dependencies": [
        "esbuild",
        "fsevents",
        "postcss",
        "rollup"
      ]
    }
  },
  "redirects": {
    "https://esm.sh/bufferutil?target=denonext": "https://esm.sh/bufferutil@4.0.9?target=denonext",
    "https://esm.sh/dayjs/plugin/relativeTime": "https://esm.sh/dayjs@1.11.13/plugin/relativeTime",
    "https://esm.sh/esbuild@^0.24.2?target=denonext": "https://esm.sh/esbuild@0.24.2?target=denonext",
    "https://esm.sh/esbuild@~0.23.0?target=denonext": "https://esm.sh/esbuild@0.23.1?target=denonext",
    "https://esm.sh/get-tsconfig@^4.7.5?target=denonext": "https://esm.sh/get-tsconfig@4.10.0?target=denonext",
    "https://esm.sh/jiti@%3E=1.21.0?target=denonext": "https://esm.sh/jiti@2.4.2?target=denonext",
    "https://esm.sh/luxon": "https://esm.sh/luxon@3.5.0",
    "https://esm.sh/nanoid@^3.3.8/non-secure?target=denonext": "https://esm.sh/nanoid@3.3.8/non-secure?target=denonext",
    "https://esm.sh/node-gyp-build@^4.3.0?target=denonext": "https://esm.sh/node-gyp-build@4.8.4?target=denonext",
    "https://esm.sh/picocolors@^1.1.1?target=denonext": "https://esm.sh/picocolors@1.1.1?target=denonext",
    "https://esm.sh/postcss@^8.5.1?target=denonext": "https://esm.sh/postcss@8.5.2?target=denonext",
    "https://esm.sh/resolve-pkg-maps@^1.0.0?target=denonext": "https://esm.sh/resolve-pkg-maps@1.0.0?target=denonext",
    "https://esm.sh/rollup@^4.30.1/parseAst?target=denonext": "https://esm.sh/rollup@4.34.6/parseAst?target=denonext",
    "https://esm.sh/rollup@^4.30.1?target=denonext": "https://esm.sh/rollup@4.34.6?target=denonext",
    "https://esm.sh/source-map-js@^1.2.1?target=denonext": "https://esm.sh/source-map-js@1.2.1?target=denonext",
    "https://esm.sh/supports-color?target=denonext": "https://esm.sh/supports-color@10.0.0?target=denonext",
    "https://esm.sh/tailwindcss": "https://esm.sh/tailwindcss@4.0.6",
    "https://esm.sh/tsx@^4.8.1/cjs/api?target=denonext": "https://esm.sh/tsx@4.19.2/cjs/api?target=denonext",
    "https://esm.sh/utf-8-validate?target=denonext": "https://esm.sh/utf-8-validate@6.0.5?target=denonext",
    "https://esm.sh/vite": "https://esm.sh/vite@6.1.0",
    "https://esm.sh/yaml@^2.4.2?target=denonext": "https://esm.sh/yaml@2.7.0?target=denonext"
  },
  "remote": {
    "https://esm.sh/bufferutil@4.0.9/denonext/bufferutil.mjs": "13dca4d5bb2c68cbe119f880fa3bd785b9a81a8e02e0834dae604b4b85295cd8",
    "https://esm.sh/bufferutil@4.0.9?target=denonext": "e32574569ab438facfcc3f412c659b0719bbf05477136ca176938c9a3ac45125",
    "https://esm.sh/dayjs@1.11.13/denonext/plugin/relativeTime.mjs": "b38196c727ee8c425eff06f091298f945b1f041fb8c3a0756b40081d6f067b3d",
    "https://esm.sh/dayjs@1.11.13/plugin/relativeTime": "48ccbeb4a6e19c6320f41edc1028ac85e7baf8cd434faebe65e3208ec70cea6b",
    "https://esm.sh/esbuild@0.23.1/denonext/esbuild.mjs": "184721e3126c070109c23b5314bb6e74ce2c37ce4f9baa6124b9f220b0effb30",
    "https://esm.sh/esbuild@0.23.1?target=denonext": "c094f7018998a3fecba3bf74941b6ad9681b3d3328bc6aadabcac19583645cc1",
    "https://esm.sh/esbuild@0.24.2/denonext/esbuild.mjs": "00c092e73492848961fd7c0b8484e0ca4c99c575d1407f9f962d68338cc12e87",
    "https://esm.sh/esbuild@0.24.2?target=denonext": "ebe6c65d4d052e18d23a9015d6fbb92020bb6fa335eb369beae8d8013ab3f1d4",
    "https://esm.sh/get-tsconfig@4.10.0/denonext/get-tsconfig.mjs": "9c425b7e750edfdf02b9d6fa49b5b82102c2337c23c48a70d8ed943edabea938",
    "https://esm.sh/get-tsconfig@4.10.0?target=denonext": "337b82e4914d7d2574f9786b6b14fd8a78f22258301d000cf773d6d83b67ebd1",
    "https://esm.sh/jiti@2.4.2/denonext/jiti.mjs": "9cae88030724960d8b49b31bdd59173b11fade875293df34f266dc02dc8ddf6b",
    "https://esm.sh/jiti@2.4.2?target=denonext": "d68b3fd1efeff4ed0481b16a375b304f2cb5775115c9bf7023e06df1243cda63",
    "https://esm.sh/luxon@3.5.0": "1d48ece22d55959059a4bc7afcee5da47ad700165480d3d811d78ae08afa9bb6",
    "https://esm.sh/luxon@3.5.0/denonext/luxon.mjs": "1a938a78450da945fbffcd304be48af6f4b45f4ef4fca8ca4356f43ec53e1a7e",
    "https://esm.sh/nanoid@3.3.8/denonext/non-secure.mjs": "fddf4ab6510fe8b600cfa3fa6a38b05e275757135a156142d470fc7e544a600f",
    "https://esm.sh/nanoid@3.3.8/non-secure?target=denonext": "2c3c59d8330ed3c0444aebb4611325a49feec485e1e2c34af6971ead1d10e7d9",
    "https://esm.sh/node-gyp-build@4.8.4/denonext/node-gyp-build.mjs": "9a86f2d044fc77bd60aaa3d697c2ba1b818da5fb1b9aaeedec59a40b8e908803",
    "https://esm.sh/node-gyp-build@4.8.4?target=denonext": "261a6cedf1fdbf159798141ba1e2311ac1510682c5c8b55dacc8cf5fdee4aa06",
    "https://esm.sh/picocolors@1.1.1/denonext/picocolors.mjs": "fa0033734392d8b8ad0c565338a77fa835e8b00e9ef244bf6f36570dd699ea3f",
    "https://esm.sh/picocolors@1.1.1?target=denonext": "97aaf037b1af74a20fe9f9f2beabba700924823101e86bdcd3ae2c9327376f74",
    "https://esm.sh/postcss@8.5.2/denonext/lib/at-rule.mjs": "6db247a511ee49a055480aa9fee0e191458d90c46e8a13b5b319577259d9132c",
    "https://esm.sh/postcss@8.5.2/denonext/lib/comment.mjs": "d10476c82b4e2b2ae0e548fe5be907568058543168042bdd705a9807ff345b1d",
    "https://esm.sh/postcss@8.5.2/denonext/lib/container.mjs": "ce79039462b6fd257d4bc8b31e99d3097dbb44f06dbd5248576f290d769fb2ad",
    "https://esm.sh/postcss@8.5.2/denonext/lib/css-syntax-error.mjs": "1d69c6e41d110668f6de1ceefbe8c0aa19e8580dccc8a1fc6d852aba3785c891",
    "https://esm.sh/postcss@8.5.2/denonext/lib/declaration.mjs": "51ab8fcb000a820e456aa82be8b29bb3348969b6fe6065796c8a1fba69880ba5",
    "https://esm.sh/postcss@8.5.2/denonext/lib/document.mjs": "440aa1e4a6db6f23c4c3eaafe412b373c53df0f384aae46fdde3dec767035160",
    "https://esm.sh/postcss@8.5.2/denonext/lib/fromJSON.mjs": "4d278f088e89de2ce943f71ef5f344c054d716c4bb829f0a3e953fe58130cfe8",
    "https://esm.sh/postcss@8.5.2/denonext/lib/input.mjs": "60a8f73696e4ca06d93fa9dc05762460347d135310e8654c6afd6e47c4a7fc01",
    "https://esm.sh/postcss@8.5.2/denonext/lib/lazy-result.mjs": "f431fa4b6329df1a80add9a10bfc0bda79fe417722ea9da6d80b51f85fb09974",
    "https://esm.sh/postcss@8.5.2/denonext/lib/list.mjs": "e7ffa36605730e3aa54f3e7d21ad012a5e3668be9578749159cc652b72f1be77",
    "https://esm.sh/postcss@8.5.2/denonext/lib/map-generator.mjs": "499d0f071d784ace22526898313a829c06ded767799234ce50a7c002bab9cb1f",
    "https://esm.sh/postcss@8.5.2/denonext/lib/no-work-result.mjs": "14017005fda031d5a3b29d40eff2f8507513029327c7a8768a82b57a8871bdae",
    "https://esm.sh/postcss@8.5.2/denonext/lib/node.mjs": "f1ff1dec2a8f8995c7fcda7e7d1e2712399fc1e6e1e2d8178169816ca6334cdf",
    "https://esm.sh/postcss@8.5.2/denonext/lib/parse.mjs": "4057155093d9ffde5c1d6c8851fb2eb39a530fadebeffa6bed3b0c9f80923104",
    "https://esm.sh/postcss@8.5.2/denonext/lib/parser.mjs": "5b6223c0fba9b050d2d3a92ffb6ecaec073ad36a8933c245036035b909b4f7ea",
    "https://esm.sh/postcss@8.5.2/denonext/lib/previous-map.mjs": "795a9b500d7af2fd46bfda9a6cf4bd18815ae53a23b5e140b405bfdd5028adee",
    "https://esm.sh/postcss@8.5.2/denonext/lib/processor.mjs": "012eb838e942a2c64500b9a1f9ec40357ca98025a80cfaa9f3abfcb919c18e87",
    "https://esm.sh/postcss@8.5.2/denonext/lib/result.mjs": "cc6a0a1b080e685d8587938b3eb10b5952e7794f52d1bb81eaab8e07d2c320bf",
    "https://esm.sh/postcss@8.5.2/denonext/lib/root.mjs": "c42cb3d8d677a9aaeaeb4fa0bb44dd7c4ff72ee85b000a8f1238bb16f725648e",
    "https://esm.sh/postcss@8.5.2/denonext/lib/rule.mjs": "d0f1b0fe024d2285bac82f5b75cc937cc23f7b98bdbfb1ca45046f65c7668927",
    "https://esm.sh/postcss@8.5.2/denonext/lib/stringifier.mjs": "f6b3feb4535f4fa04f361c13923e972284f2b8a404e1481b6f2a6ae6cb3f5d21",
    "https://esm.sh/postcss@8.5.2/denonext/lib/stringify.mjs": "7a70bc95f39599b1fa65f5c2595714de27edcb91442f527389ef72028adc6145",
    "https://esm.sh/postcss@8.5.2/denonext/lib/symbols.mjs": "86ba115d61e62061cd034330a0e7f6351d6f07454b1aea21859c295939704ed0",
    "https://esm.sh/postcss@8.5.2/denonext/lib/terminal-highlight.mjs": "61b287909420e9408d78d74b408c7607e8c767794c6a20462e123ce4903578a5",
    "https://esm.sh/postcss@8.5.2/denonext/lib/tokenize.mjs": "d49ec82cfcda8df1e70398bb66a6539e5ed180986d43001955879e288153befe",
    "https://esm.sh/postcss@8.5.2/denonext/lib/warn-once.mjs": "8cba4f2a26664ef2894957365ee0f72407cb92d621c9fc4a3021d93a67002390",
    "https://esm.sh/postcss@8.5.2/denonext/lib/warning.mjs": "26022e40704d77b436a12c52989994366b352f7eea5696815bfa4b686ffc468f",
    "https://esm.sh/postcss@8.5.2/denonext/postcss.mjs": "d56e04d2fed014cf8fb06dca7643c185148c62862e69caa8e914a8f092076066",
    "https://esm.sh/postcss@8.5.2?target=denonext": "30be0b03ae438e7afc4c2d400f27299dbf7c228e3662ba19437c89cdef3fc1fd",
    "https://esm.sh/resolve-pkg-maps@1.0.0/denonext/resolve-pkg-maps.mjs": "298e535f83695a13f3ec465ff292ce2823364f3b4d9680cc6b9ec11056f89adb",
    "https://esm.sh/resolve-pkg-maps@1.0.0?target=denonext": "60005e8a932165371a0a9c2bb803fcb1bf691a3b393d50b81292c47c8075e377",
    "https://esm.sh/rollup@4.34.6/denonext/dist/es/shared/parseAst.mjs": "30318ea64531d894ca979fc8d211509e919ea2f207dc835bd61ad6dd290456f2",
    "https://esm.sh/rollup@4.34.6/denonext/dist/es/shared/watch.mjs": "0ea8f12c0f0127f5de482759e0e97b7a456790d3a6c9468c087a7fa98e2a3471",
    "https://esm.sh/rollup@4.34.6/denonext/dist/native.mjs": "39fe390b7d7ead6d47b8e59b1d06cbef9e3ba62186ef9c77625a634da932a4e6",
    "https://esm.sh/rollup@4.34.6/denonext/parseAst.mjs": "b29a9a0020b13ce8a57109977f7a81c6abaf7490e085f05f6f992ab37bb2b94c",
    "https://esm.sh/rollup@4.34.6/denonext/rollup.mjs": "205dbbf88da0b74b7ccf0724a847875f42bc77cb7674c9b262e8507bbd1852e9",
    "https://esm.sh/rollup@4.34.6/parseAst?target=denonext": "a9f260404169f1eb4412a59a1f8736db8c55eea161d1b0b09b73e4f08eb3ae50",
    "https://esm.sh/rollup@4.34.6?target=denonext": "3718e84cb87dc93f8917eec532d5974f161c8c6e9985d239e9a979772913aafc",
    "https://esm.sh/source-map-js@1.2.1/denonext/source-map-js.mjs": "2129223e17c258b391a47907a69c0b86d1c87cbb66eea7e9b25ff555ec0bbc7c",
    "https://esm.sh/source-map-js@1.2.1?target=denonext": "33ba5cf2ee7c1fe6b63b36c31e9075e290bc5c574055acbdc48c2f24a21d2f83",
    "https://esm.sh/supports-color@10.0.0/denonext/supports-color.mjs": "239cd39d0828e1a018dee102748da869b1b75c38fe6a9c0c8f0bd4ffbd3e1ea1",
    "https://esm.sh/supports-color@10.0.0?target=denonext": "4895255248e4ba0cbcce9437003dccf3658b1ac1d1e8eba5225fb8194c454ee1",
    "https://esm.sh/tailwindcss@4.0.6": "90f4b254d726b9a673b60e337926b55278de05a04a33db543dafb6c4a7dadf1a",
    "https://esm.sh/tailwindcss@4.0.6/denonext/dist/chunk-AZANAYY2.mjs": "c838f1af9212ead98e185ca3a7570c8cb8ae7564745424bf8644eb4976480ff2",
    "https://esm.sh/tailwindcss@4.0.6/denonext/dist/chunk-V2K3XTS4.mjs": "a953e5201e3cf8c35de4ce1ea7b19fd21e90db6ff47e7661f815b10198104ab2",
    "https://esm.sh/tailwindcss@4.0.6/denonext/dist/chunk-XOUGALJ2.mjs": "78c40576b8fe417426f5c5e413bc525e00d7c21ad86f4533187878d01d34c252",
    "https://esm.sh/tailwindcss@4.0.6/denonext/tailwindcss.mjs": "2e6dba5b3d110db9112810b8892f00de01b44957b4e3af5a7c2054fd404b493d",
    "https://esm.sh/tsx@4.19.2/cjs/api?target=denonext": "b9f358128d6f050dce3eeabd4b9913fd82ca0d8870c15c5c1480664dee543fb0",
    "https://esm.sh/tsx@4.19.2/denonext/cjs/api.mjs": "ce4f5af3b7e7b7bd26e063da8e0e9b9412dc181ca5f4e58a27b151b73555a377",
    "https://esm.sh/tsx@4.19.2/denonext/dist/client-BQVF1NaW.mjs": "3ffe399fe100c17da7db89fe7e4391205e410a9b69662270fe95bfc987a18f91",
    "https://esm.sh/tsx@4.19.2/denonext/dist/get-pipe-path-BHW2eJdv.mjs": "1ca29c61af22c2e06c0596daf1aeb3283291d07cdcc8710ad22db491a79f229b",
    "https://esm.sh/tsx@4.19.2/denonext/dist/index-DlKgSVBb.mjs": "cc003b5b59a073c03bc38aa129e829992a0a513e54b40af2bc2072a63d21fa91",
    "https://esm.sh/tsx@4.19.2/denonext/dist/register-C3TE0KFF.mjs": "b7266bc527663cc0c7779f8c529d34dacb9d31a067fe74bc40ac9871c681bf07",
    "https://esm.sh/tsx@4.19.2/denonext/dist/require-BnyFnlmk.mjs": "3b2d84f0d97a71800b0fb6f497de0e8335cdcca97bb6c665b9043d1634a8300d",
    "https://esm.sh/tsx@4.19.2/denonext/dist/temporary-directory-CwHp0_NW.mjs": "b3573b072f43c93f9a5ddb47995671f20bb919220782c86bee5cbfa31c2669bc",
    "https://esm.sh/utf-8-validate@6.0.5/denonext/utf-8-validate.mjs": "66b8ea532a0c745068f5b96ddb1bae332c3036703243541d2e89e66331974d98",
    "https://esm.sh/utf-8-validate@6.0.5?target=denonext": "071bc33ba1a58297e23a34d69dd589fd06df04b0f373b382ff5da544a623f271",
    "https://esm.sh/vite@6.1.0": "3d0c4621b1ecc815b45394a19c81d7d1943846a0d5c5ef0d4cc9eb010b73007b",
    "https://esm.sh/vite@6.1.0/denonext/dist/node/chunks/dep-BUK8RJ2R.mjs": "9cc7236fba5286cd33247b581182d20f35a76c9756ba339ac9ee920eb9751b9b",
    "https://esm.sh/vite@6.1.0/denonext/dist/node/chunks/dep-DWzCYIjV.mjs": "5a422dd2040e15c85402567e4df51264e1c1da6cb6adf8a6afab57b360fb2979",
    "https://esm.sh/vite@6.1.0/denonext/dist/node/chunks/dep-DcIXjcop.mjs": "e13b56c3a67b631e5469d2a14bde7b42309319c9dc04fdf3bea40ea0ac5d0481",
    "https://esm.sh/vite@6.1.0/denonext/module-runner.mjs": "a9100b9eeedfa70e2a8d7ec1a961375f7a076a37c244d8c9845399259422ddd6",
    "https://esm.sh/vite@6.1.0/denonext/vite.mjs": "1601ac66c9fd490dcb07e27593dbe03a334c35dc724c7631d55ff489410e4a09",
    "https://esm.sh/yaml@2.7.0/denonext/browser/dist/doc/anchors.mjs": "de806cc83f471d6e660fa30a82a78f689070bef161636e92f20a2191a403591f",
    "https://esm.sh/yaml@2.7.0/denonext/browser/dist/doc/applyReviver.mjs": "1c2f25ea8df0a043afebc0605f12fe361999177e9992fc13e8027566f12ea132",
    "https://esm.sh/yaml@2.7.0/denonext/browser/dist/doc/createNode.mjs": "e043391749e207ee6abbd6c061d606cc72ab81dc3c63313d6d9e79f8aa7c83f9",
    "https://esm.sh/yaml@2.7.0/denonext/browser/dist/log.mjs": "e8078b1f653b9e9715e9568492afbee8b755853feaa9f1722e822c853fbd6590",
    "https://esm.sh/yaml@2.7.0/denonext/browser/dist/nodes/Alias.mjs": "8efd34e246c53c0b1ec1d2e0fa22b91a0aac3bdab34681d433ad0e73a71d171b",
    "https://esm.sh/yaml@2.7.0/denonext/browser/dist/nodes/Collection.mjs": "e37d9c7c1d5cd330defa3e1e5f6fcbed8d08b058bedd6534ded0f8d9493a55d9",
    "https://esm.sh/yaml@2.7.0/denonext/browser/dist/nodes/Node.mjs": "fcf8de0722c071de16a0ad44083e4ddd2b8396d74b2fb1abd56dfb21fd125f39",
    "https://esm.sh/yaml@2.7.0/denonext/browser/dist/nodes/Pair.mjs": "d181b2f8e2dec512fd16fe9cc5894e7d898c715a8845ff41b3d9f0766f2e55bf",
    "https://esm.sh/yaml@2.7.0/denonext/browser/dist/nodes/Scalar.mjs": "c4eba1a0286561a8c2271308d61cf9f6fd47331f05ee432be8c05bff75d264c6",
    "https://esm.sh/yaml@2.7.0/denonext/browser/dist/nodes/YAMLMap.mjs": "23b82300e1f27ffc3e88fc8c9728e4970fc453e55e78e86acd06cf609c27f5db",
    "https://esm.sh/yaml@2.7.0/denonext/browser/dist/nodes/YAMLSeq.mjs": "b2457d52d968c5ed7b8083a3a39383cce059f15267ea91efe441a31185b179c6",
    "https://esm.sh/yaml@2.7.0/denonext/browser/dist/nodes/addPairToJSMap.mjs": "c9483f92a06f464a7c2db080305c2c56b2710d3712b223f6c755da5011e11fd5",
    "https://esm.sh/yaml@2.7.0/denonext/browser/dist/nodes/identity.mjs": "3fb6de161a8d4f1c5f349f50627be8e1d86fab4a145005d13384f36d90161138",
    "https://esm.sh/yaml@2.7.0/denonext/browser/dist/nodes/toJS.mjs": "e680d954806b108f22502f0bc01042832876c6822736370db24e30e322b291e9",
    "https://esm.sh/yaml@2.7.0/denonext/browser/dist/schema/common/map.mjs": "c0341fa89a5149305a34a1de0ce09711c44aa9acc162b1c6c7aaab33ee886a6d",
    "https://esm.sh/yaml@2.7.0/denonext/browser/dist/schema/common/seq.mjs": "9af1cf3ec1ed534d2e6b339c47ffa93eb1cbf9459b830ab95ead844599ec074c",
    "https://esm.sh/yaml@2.7.0/denonext/browser/dist/schema/common/string.mjs": "56d68dd08cb772ff46d6aa555a215b8041ab8f5d8c8a2f6d5892c527d1a9d720",
    "https://esm.sh/yaml@2.7.0/denonext/browser/dist/schema/yaml-1.1/merge.mjs": "19dd8eb7b924e28e059ce60a92bb7c2e03e62d20cde2e65648b1991851406520",
    "https://esm.sh/yaml@2.7.0/denonext/browser/dist/stringify/foldFlowLines.mjs": "79b58a7f86d4576408943aa5138fa3a4e63226180c9c6174c94480bbc10329f0",
    "https://esm.sh/yaml@2.7.0/denonext/browser/dist/stringify/stringify.mjs": "53f852d85c5c866b5f5e351e14a9652d44010b58b99f56948a45270723e6ad6e",
    "https://esm.sh/yaml@2.7.0/denonext/browser/dist/stringify/stringifyCollection.mjs": "0a2ad39e9b4c960413eddf897269702f7500aff95d6b40b2e8346eb445cc1aeb",
    "https://esm.sh/yaml@2.7.0/denonext/browser/dist/stringify/stringifyComment.mjs": "6040f6c6c76887d5104a3e657399eb37e0c9d42cf5237df5fdf725494fbec556",
    "https://esm.sh/yaml@2.7.0/denonext/browser/dist/stringify/stringifyNumber.mjs": "c0121bcf9f880cc2d6c12c96ecd6c2fb808cb5fbc0ebc5c9e45f4c1d6992bfe6",
    "https://esm.sh/yaml@2.7.0/denonext/browser/dist/stringify/stringifyString.mjs": "4c783a8c8e77f14839cc38c232d085622c931b99a51dcaf960a14a4c28eaab8d",
    "https://esm.sh/yaml@2.7.0/denonext/browser/dist/visit.mjs": "0710978c7117634c631a51806161b1d49b7edda218558f04c11b19875b2f624e",
    "https://esm.sh/yaml@2.7.0/denonext/yaml.mjs": "0440e098531efbda22fe656c449e6317255d0e370412c8160da9955424267385",
    "https://esm.sh/yaml@2.7.0?target=denonext": "b9084b07e938d1d238ed85b93c5ac535c09c85807a2e4a0917c3cb39208e3297"
  },
  "workspace": {
    "dependencies": [
      "npm:vite@*"
    ]
  }
}
